
Microsoft Visual Studio Solution File, Format Version 12.00
# Visual Studio 15
VisualStudioVersion = 15.0.28010.2050
MinimumVisualStudioVersion = 10.0.40219.1
Project("{2150E333-8FDC-42A3-9474-1A3956D46DE8}") = "Tests", "Tests", "{18D73CFF-6ECA-4A0C-8A6A-97F84BC3E1C8}"
EndProject
Project("{9A19103F-16F7-4668-BE54-9A1E7A4F7556}") = "HotPotato.Test", "test\HotPotato.Test\HotPotato.Test.csproj", "{74BA99FB-0DAC-4737-8645-D72AAA817520}"
EndProject
Project("{9A19103F-16F7-4668-BE54-9A1E7A4F7556}") = "HotPotato", "src\HotPotato\HotPotato.csproj", "{88DA92FA-4D53-4A87-AC1A-C76374277DBD}"
EndProject
Project("{9A19103F-16F7-4668-BE54-9A1E7A4F7556}") = "HotPotato.Integration.Test", "test\HotPotato.Integration.Test\HotPotato.Integration.Test.csproj", "{23CDAEF7-947F-463C-9162-3C8692FC103D}"
EndProject
Project("{9A19103F-16F7-4668-BE54-9A1E7A4F7556}") = "HotPotato.AspNetCore.Host", "src\HotPotato.AspNetCore.Host\HotPotato.AspNetCore.Host.csproj", "{A6AAD43D-5B48-4A7B-964B-84F4AE64CF37}"
EndProject
Project("{9A19103F-16F7-4668-BE54-9A1E7A4F7556}") = "HotPotato.AspNetCore.Middleware", "HotPotato.AspNetCore.Middleware\HotPotato.AspNetCore.Middleware.csproj", "{2369CDAC-1669-4B5F-ABD6-CE79BF5D0FB3}"
EndProject
Project("{9A19103F-16F7-4668-BE54-9A1E7A4F7556}") = "HotPotato.AspNetCore.Middleware.Test", "HotPotato.AspNetCore.Middleware.Test\HotPotato.AspNetCore.Middleware.Test.csproj", "{D84A3992-B146-40AD-B862-208E10287EF0}"
EndProject
Project("{9A19103F-16F7-4668-BE54-9A1E7A4F7556}") = "HotPotato.Core", "HotPotato.AspNetCore.Core\HotPotato.Core.csproj", "{DF12BF16-884B-4566-A51A-C9C8FEA37AF9}"
EndProject
Project("{FAE04EC0-301F-11D3-BF4B-00C04F79EFBC}") = "HotPotato.Core.Test", "HotPotato.Core.Test\HotPotato.Core.Test.csproj", "{A1DB24DF-3872-4589-A1AB-8A8A7B5F2A29}"
EndProject
Global
	GlobalSection(SolutionConfigurationPlatforms) = preSolution
		Debug|Any CPU = Debug|Any CPU
		Release|Any CPU = Release|Any CPU
	EndGlobalSection
	GlobalSection(ProjectConfigurationPlatforms) = postSolution
		{74BA99FB-0DAC-4737-8645-D72AAA817520}.Debug|Any CPU.ActiveCfg = Debug|Any CPU
		{74BA99FB-0DAC-4737-8645-D72AAA817520}.Debug|Any CPU.Build.0 = Debug|Any CPU
		{74BA99FB-0DAC-4737-8645-D72AAA817520}.Release|Any CPU.ActiveCfg = Release|Any CPU
		{74BA99FB-0DAC-4737-8645-D72AAA817520}.Release|Any CPU.Build.0 = Release|Any CPU
		{88DA92FA-4D53-4A87-AC1A-C76374277DBD}.Debug|Any CPU.ActiveCfg = Debug|Any CPU
		{88DA92FA-4D53-4A87-AC1A-C76374277DBD}.Debug|Any CPU.Build.0 = Debug|Any CPU
		{88DA92FA-4D53-4A87-AC1A-C76374277DBD}.Release|Any CPU.ActiveCfg = Release|Any CPU
		{88DA92FA-4D53-4A87-AC1A-C76374277DBD}.Release|Any CPU.Build.0 = Release|Any CPU
		{23CDAEF7-947F-463C-9162-3C8692FC103D}.Debug|Any CPU.ActiveCfg = Debug|Any CPU
		{23CDAEF7-947F-463C-9162-3C8692FC103D}.Debug|Any CPU.Build.0 = Debug|Any CPU
		{23CDAEF7-947F-463C-9162-3C8692FC103D}.Release|Any CPU.ActiveCfg = Release|Any CPU
		{23CDAEF7-947F-463C-9162-3C8692FC103D}.Release|Any CPU.Build.0 = Release|Any CPU
		{A6AAD43D-5B48-4A7B-964B-84F4AE64CF37}.Debug|Any CPU.ActiveCfg = Debug|Any CPU
		{A6AAD43D-5B48-4A7B-964B-84F4AE64CF37}.Debug|Any CPU.Build.0 = Debug|Any CPU
		{A6AAD43D-5B48-4A7B-964B-84F4AE64CF37}.Release|Any CPU.ActiveCfg = Release|Any CPU
		{A6AAD43D-5B48-4A7B-964B-84F4AE64CF37}.Release|Any CPU.Build.0 = Release|Any CPU
		{2369CDAC-1669-4B5F-ABD6-CE79BF5D0FB3}.Debug|Any CPU.ActiveCfg = Debug|Any CPU
		{2369CDAC-1669-4B5F-ABD6-CE79BF5D0FB3}.Debug|Any CPU.Build.0 = Debug|Any CPU
		{2369CDAC-1669-4B5F-ABD6-CE79BF5D0FB3}.Release|Any CPU.ActiveCfg = Release|Any CPU
		{2369CDAC-1669-4B5F-ABD6-CE79BF5D0FB3}.Release|Any CPU.Build.0 = Release|Any CPU
		{D84A3992-B146-40AD-B862-208E10287EF0}.Debug|Any CPU.ActiveCfg = Debug|Any CPU
		{D84A3992-B146-40AD-B862-208E10287EF0}.Debug|Any CPU.Build.0 = Debug|Any CPU
		{D84A3992-B146-40AD-B862-208E10287EF0}.Release|Any CPU.ActiveCfg = Release|Any CPU
		{D84A3992-B146-40AD-B862-208E10287EF0}.Release|Any CPU.Build.0 = Release|Any CPU
		{DF12BF16-884B-4566-A51A-C9C8FEA37AF9}.Debug|Any CPU.ActiveCfg = Debug|Any CPU
		{DF12BF16-884B-4566-A51A-C9C8FEA37AF9}.Debug|Any CPU.Build.0 = Debug|Any CPU
		{DF12BF16-884B-4566-A51A-C9C8FEA37AF9}.Release|Any CPU.ActiveCfg = Release|Any CPU
		{DF12BF16-884B-4566-A51A-C9C8FEA37AF9}.Release|Any CPU.Build.0 = Release|Any CPU
		{A1DB24DF-3872-4589-A1AB-8A8A7B5F2A29}.Debug|Any CPU.ActiveCfg = Debug|Any CPU
		{A1DB24DF-3872-4589-A1AB-8A8A7B5F2A29}.Debug|Any CPU.Build.0 = Debug|Any CPU
		{A1DB24DF-3872-4589-A1AB-8A8A7B5F2A29}.Release|Any CPU.ActiveCfg = Release|Any CPU
		{A1DB24DF-3872-4589-A1AB-8A8A7B5F2A29}.Release|Any CPU.Build.0 = Release|Any CPU
	EndGlobalSection
	GlobalSection(SolutionProperties) = preSolution
		HideSolutionNode = FALSE
	EndGlobalSection
	GlobalSection(NestedProjects) = preSolution
		{74BA99FB-0DAC-4737-8645-D72AAA817520} = {18D73CFF-6ECA-4A0C-8A6A-97F84BC3E1C8}
		{23CDAEF7-947F-463C-9162-3C8692FC103D} = {18D73CFF-6ECA-4A0C-8A6A-97F84BC3E1C8}
		{D84A3992-B146-40AD-B862-208E10287EF0} = {18D73CFF-6ECA-4A0C-8A6A-97F84BC3E1C8}
		{A1DB24DF-3872-4589-A1AB-8A8A7B5F2A29} = {18D73CFF-6ECA-4A0C-8A6A-97F84BC3E1C8}
	EndGlobalSection
	GlobalSection(ExtensibilityGlobals) = postSolution
		SolutionGuid = {2836D304-9C78-41F8-9A22-517D86241D2C}
	EndGlobalSection
EndGlobal
