
Microsoft Visual Studio Solution File, Format Version 12.00
# Visual Studio Version 16
VisualStudioVersion = 16.0.30523.141
MinimumVisualStudioVersion = 10.0.40219.1
Project("{2150E333-8FDC-42A3-9474-1A3956D46DE8}") = "Tests", "Tests", "{18D73CFF-6ECA-4A0C-8A6A-97F84BC3E1C8}"
EndProject
Project("{9A19103F-16F7-4668-BE54-9A1E7A4F7556}") = "HotPotato.Integration.Test", "test\HotPotato.Integration.Test\HotPotato.Integration.Test.csproj", "{23CDAEF7-947F-463C-9162-3C8692FC103D}"
EndProject
Project("{9A19103F-16F7-4668-BE54-9A1E7A4F7556}") = "HotPotato.AspNetCore.Host", "src\HotPotato.AspNetCore.Host\HotPotato.AspNetCore.Host.csproj", "{A6AAD43D-5B48-4A7B-964B-84F4AE64CF37}"
EndProject
Project("{9A19103F-16F7-4668-BE54-9A1E7A4F7556}") = "HotPotato.Core", "src\HotPotato.Core\HotPotato.Core.csproj", "{7E1D3522-7F01-4E73-9468-B9E09F82F74B}"
EndProject
Project("{9A19103F-16F7-4668-BE54-9A1E7A4F7556}") = "HotPotato.Core.Test", "test\HotPotato.Core.Test\HotPotato.Core.Test.csproj", "{820284DA-DC00-4B45-98FC-6DA63F106497}"
EndProject
Project("{9A19103F-16F7-4668-BE54-9A1E7A4F7556}") = "HotPotato.AspNetCore.Middleware", "src\HotPotato.AspNetCore.Middleware\HotPotato.AspNetCore.Middleware.csproj", "{C6E8C0F8-28EA-4CAB-BEAF-E53CAE0B9F84}"
EndProject
Project("{9A19103F-16F7-4668-BE54-9A1E7A4F7556}") = "HotPotato.AspNetCore.Middleware.Test", "test\HotPotato.AspNetCore.Middleware.Test\HotPotato.AspNetCore.Middleware.Test.csproj", "{AB88488B-F61B-4BD4-8926-A48B564C1A75}"
EndProject
Project("{9A19103F-16F7-4668-BE54-9A1E7A4F7556}") = "HotPotato.OpenApi.Test", "test\HotPotato.OpenApi.Test\HotPotato.OpenApi.Test.csproj", "{E29DAA75-A907-455E-9538-C9FF9C846F34}"
EndProject
Project("{9A19103F-16F7-4668-BE54-9A1E7A4F7556}") = "HotPotato.OpenApi", "src\HotPotato.OpenApi\HotPotato.OpenApi.csproj", "{EDBE134E-38B4-46DE-B009-D3C21331C585}"
EndProject
Project("{9A19103F-16F7-4668-BE54-9A1E7A4F7556}") = "HotPotato.E2E.Test", "test\HotPotato.E2E.Test\HotPotato.E2E.Test.csproj", "{9F37DBB8-2971-4155-BCBD-D82DB5C8D1DC}"
EndProject
Project("{9A19103F-16F7-4668-BE54-9A1E7A4F7556}") = "HotPotato.Test.Api", "test\HotPotato.Api\HotPotato.Test.Api.csproj", "{573BE9CC-36D6-40C9-A005-2DAB411861BA}"
EndProject
Project("{2150E333-8FDC-42A3-9474-1A3956D46DE8}") = "(meta)", "(meta)", "{F2D187CB-4BFD-4DE5-911E-1D7D06B63C8D}"
	ProjectSection(SolutionItems) = preProject
		.gitignore = .gitignore
		build-spec.yml = build-spec.yml
		.github\workflows\ci.yml = .github\workflows\ci.yml
		CONTRIBUTING.md = CONTRIBUTING.md
		GitVersion.yml = GitVersion.yml
		Jenkinsfile = Jenkinsfile
		README.md = README.md
	EndProjectSection
EndProject
Project("{9A19103F-16F7-4668-BE54-9A1E7A4F7556}") = "HotPotato.TestServ.Test", "test\HotPotato.TestServer.Test\HotPotato.TestServ.Test.csproj", "{06E2B4CF-A84A-4E9A-91F8-F2794F5B7B8A}"
EndProject
Project("{9A19103F-16F7-4668-BE54-9A1E7A4F7556}") = "HotPotato.Extensions", "src\HotPotato.Extensions\HotPotato.Extensions.csproj", "{FFEDDFCF-DE15-48DD-A7D5-E7375B9B2DAA}"
EndProject
Project("{9A19103F-16F7-4668-BE54-9A1E7A4F7556}") = "HotPotato.NUnitHelpers", "src\HotPotato.NUnitHelpers\HotPotato.NUnitHelpers.csproj", "{DB886999-5A93-4BE8-9AEE-A1FDAB136F6C}"
EndProject
Project("{2150E333-8FDC-42A3-9474-1A3956D46DE8}") = "specification", "specification", "{FF93C14C-E406-4672-8EB4-8FF52417EDCB}"
EndProject
Project("{2150E333-8FDC-42A3-9474-1A3956D46DE8}") = "RawPotato", "RawPotato", "{6A1CAC9D-4E5A-4433-B0D4-FF283AD28A07}"
	ProjectSection(SolutionItems) = preProject
		test\specification\RawPotato\RawPotatoSpec.yaml = test\specification\RawPotato\RawPotatoSpec.yaml
	EndProjectSection
EndProject
Project("{2150E333-8FDC-42A3-9474-1A3956D46DE8}") = "models", "models", "{9EA20719-70D3-488B-BE5D-87EA837D3F7A}"
	ProjectSection(SolutionItems) = preProject
		test\specification\RawPotato\models\OrderCycleCollectionModel.yaml = test\specification\RawPotato\models\OrderCycleCollectionModel.yaml
		test\specification\RawPotato\models\OrderCycleModel.yaml = test\specification\RawPotato\models\OrderCycleModel.yaml
	EndProjectSection
EndProject
Project("{2150E333-8FDC-42A3-9474-1A3956D46DE8}") = "common-items", "common-items", "{55655675-F784-41AC-B7D2-6E9E93992312}"
	ProjectSection(SolutionItems) = preProject
		test\specification\common-items\headers.yaml = test\specification\common-items\headers.yaml
		test\specification\common-items\parameters.yaml = test\specification\common-items\parameters.yaml
	EndProjectSection
EndProject
Global
	GlobalSection(SolutionConfigurationPlatforms) = preSolution
		Debug|Any CPU = Debug|Any CPU
		Docker|Any CPU = Docker|Any CPU
		Release|Any CPU = Release|Any CPU
	EndGlobalSection
	GlobalSection(ProjectConfigurationPlatforms) = postSolution
		{23CDAEF7-947F-463C-9162-3C8692FC103D}.Debug|Any CPU.ActiveCfg = Debug|Any CPU
		{23CDAEF7-947F-463C-9162-3C8692FC103D}.Debug|Any CPU.Build.0 = Debug|Any CPU
		{23CDAEF7-947F-463C-9162-3C8692FC103D}.Docker|Any CPU.ActiveCfg = Docker|Any CPU
		{23CDAEF7-947F-463C-9162-3C8692FC103D}.Release|Any CPU.ActiveCfg = Release|Any CPU
		{23CDAEF7-947F-463C-9162-3C8692FC103D}.Release|Any CPU.Build.0 = Release|Any CPU
		{A6AAD43D-5B48-4A7B-964B-84F4AE64CF37}.Debug|Any CPU.ActiveCfg = Debug|Any CPU
		{A6AAD43D-5B48-4A7B-964B-84F4AE64CF37}.Debug|Any CPU.Build.0 = Debug|Any CPU
		{A6AAD43D-5B48-4A7B-964B-84F4AE64CF37}.Docker|Any CPU.ActiveCfg = Docker|Any CPU
		{A6AAD43D-5B48-4A7B-964B-84F4AE64CF37}.Docker|Any CPU.Build.0 = Docker|Any CPU
		{A6AAD43D-5B48-4A7B-964B-84F4AE64CF37}.Release|Any CPU.ActiveCfg = Release|Any CPU
		{A6AAD43D-5B48-4A7B-964B-84F4AE64CF37}.Release|Any CPU.Build.0 = Release|Any CPU
		{7E1D3522-7F01-4E73-9468-B9E09F82F74B}.Debug|Any CPU.ActiveCfg = Debug|Any CPU
		{7E1D3522-7F01-4E73-9468-B9E09F82F74B}.Debug|Any CPU.Build.0 = Debug|Any CPU
		{7E1D3522-7F01-4E73-9468-B9E09F82F74B}.Docker|Any CPU.ActiveCfg = Docker|Any CPU
		{7E1D3522-7F01-4E73-9468-B9E09F82F74B}.Docker|Any CPU.Build.0 = Docker|Any CPU
		{7E1D3522-7F01-4E73-9468-B9E09F82F74B}.Release|Any CPU.ActiveCfg = Release|Any CPU
		{7E1D3522-7F01-4E73-9468-B9E09F82F74B}.Release|Any CPU.Build.0 = Release|Any CPU
		{820284DA-DC00-4B45-98FC-6DA63F106497}.Debug|Any CPU.ActiveCfg = Debug|Any CPU
		{820284DA-DC00-4B45-98FC-6DA63F106497}.Debug|Any CPU.Build.0 = Debug|Any CPU
		{820284DA-DC00-4B45-98FC-6DA63F106497}.Docker|Any CPU.ActiveCfg = Docker|Any CPU
		{820284DA-DC00-4B45-98FC-6DA63F106497}.Release|Any CPU.ActiveCfg = Release|Any CPU
		{820284DA-DC00-4B45-98FC-6DA63F106497}.Release|Any CPU.Build.0 = Release|Any CPU
		{C6E8C0F8-28EA-4CAB-BEAF-E53CAE0B9F84}.Debug|Any CPU.ActiveCfg = Debug|Any CPU
		{C6E8C0F8-28EA-4CAB-BEAF-E53CAE0B9F84}.Debug|Any CPU.Build.0 = Debug|Any CPU
		{C6E8C0F8-28EA-4CAB-BEAF-E53CAE0B9F84}.Docker|Any CPU.ActiveCfg = Docker|Any CPU
		{C6E8C0F8-28EA-4CAB-BEAF-E53CAE0B9F84}.Docker|Any CPU.Build.0 = Docker|Any CPU
		{C6E8C0F8-28EA-4CAB-BEAF-E53CAE0B9F84}.Release|Any CPU.ActiveCfg = Release|Any CPU
		{C6E8C0F8-28EA-4CAB-BEAF-E53CAE0B9F84}.Release|Any CPU.Build.0 = Release|Any CPU
		{AB88488B-F61B-4BD4-8926-A48B564C1A75}.Debug|Any CPU.ActiveCfg = Debug|Any CPU
		{AB88488B-F61B-4BD4-8926-A48B564C1A75}.Debug|Any CPU.Build.0 = Debug|Any CPU
		{AB88488B-F61B-4BD4-8926-A48B564C1A75}.Docker|Any CPU.ActiveCfg = Docker|Any CPU
		{AB88488B-F61B-4BD4-8926-A48B564C1A75}.Release|Any CPU.ActiveCfg = Release|Any CPU
		{AB88488B-F61B-4BD4-8926-A48B564C1A75}.Release|Any CPU.Build.0 = Release|Any CPU
		{E29DAA75-A907-455E-9538-C9FF9C846F34}.Debug|Any CPU.ActiveCfg = Debug|Any CPU
		{E29DAA75-A907-455E-9538-C9FF9C846F34}.Debug|Any CPU.Build.0 = Debug|Any CPU
		{E29DAA75-A907-455E-9538-C9FF9C846F34}.Docker|Any CPU.ActiveCfg = Docker|Any CPU
		{E29DAA75-A907-455E-9538-C9FF9C846F34}.Release|Any CPU.ActiveCfg = Release|Any CPU
		{E29DAA75-A907-455E-9538-C9FF9C846F34}.Release|Any CPU.Build.0 = Release|Any CPU
		{EDBE134E-38B4-46DE-B009-D3C21331C585}.Debug|Any CPU.ActiveCfg = Debug|Any CPU
		{EDBE134E-38B4-46DE-B009-D3C21331C585}.Debug|Any CPU.Build.0 = Debug|Any CPU
		{EDBE134E-38B4-46DE-B009-D3C21331C585}.Docker|Any CPU.ActiveCfg = Docker|Any CPU
		{EDBE134E-38B4-46DE-B009-D3C21331C585}.Docker|Any CPU.Build.0 = Docker|Any CPU
		{EDBE134E-38B4-46DE-B009-D3C21331C585}.Release|Any CPU.ActiveCfg = Release|Any CPU
		{EDBE134E-38B4-46DE-B009-D3C21331C585}.Release|Any CPU.Build.0 = Release|Any CPU
		{9F37DBB8-2971-4155-BCBD-D82DB5C8D1DC}.Debug|Any CPU.ActiveCfg = Debug|Any CPU
		{9F37DBB8-2971-4155-BCBD-D82DB5C8D1DC}.Debug|Any CPU.Build.0 = Debug|Any CPU
		{9F37DBB8-2971-4155-BCBD-D82DB5C8D1DC}.Docker|Any CPU.ActiveCfg = Docker|Any CPU
		{9F37DBB8-2971-4155-BCBD-D82DB5C8D1DC}.Release|Any CPU.ActiveCfg = Release|Any CPU
		{9F37DBB8-2971-4155-BCBD-D82DB5C8D1DC}.Release|Any CPU.Build.0 = Release|Any CPU
		{573BE9CC-36D6-40C9-A005-2DAB411861BA}.Debug|Any CPU.ActiveCfg = Debug|Any CPU
		{573BE9CC-36D6-40C9-A005-2DAB411861BA}.Debug|Any CPU.Build.0 = Debug|Any CPU
		{573BE9CC-36D6-40C9-A005-2DAB411861BA}.Docker|Any CPU.ActiveCfg = Docker|Any CPU
		{573BE9CC-36D6-40C9-A005-2DAB411861BA}.Release|Any CPU.ActiveCfg = Release|Any CPU
		{573BE9CC-36D6-40C9-A005-2DAB411861BA}.Release|Any CPU.Build.0 = Release|Any CPU
		{06E2B4CF-A84A-4E9A-91F8-F2794F5B7B8A}.Debug|Any CPU.ActiveCfg = Debug|Any CPU
		{06E2B4CF-A84A-4E9A-91F8-F2794F5B7B8A}.Debug|Any CPU.Build.0 = Debug|Any CPU
		{06E2B4CF-A84A-4E9A-91F8-F2794F5B7B8A}.Docker|Any CPU.ActiveCfg = Docker|Any CPU
		{06E2B4CF-A84A-4E9A-91F8-F2794F5B7B8A}.Release|Any CPU.ActiveCfg = Release|Any CPU
		{06E2B4CF-A84A-4E9A-91F8-F2794F5B7B8A}.Release|Any CPU.Build.0 = Release|Any CPU
		{FFEDDFCF-DE15-48DD-A7D5-E7375B9B2DAA}.Debug|Any CPU.ActiveCfg = Debug|Any CPU
		{FFEDDFCF-DE15-48DD-A7D5-E7375B9B2DAA}.Debug|Any CPU.Build.0 = Debug|Any CPU
		{FFEDDFCF-DE15-48DD-A7D5-E7375B9B2DAA}.Docker|Any CPU.ActiveCfg = Debug|Any CPU
		{FFEDDFCF-DE15-48DD-A7D5-E7375B9B2DAA}.Docker|Any CPU.Build.0 = Debug|Any CPU
		{FFEDDFCF-DE15-48DD-A7D5-E7375B9B2DAA}.Release|Any CPU.ActiveCfg = Release|Any CPU
		{FFEDDFCF-DE15-48DD-A7D5-E7375B9B2DAA}.Release|Any CPU.Build.0 = Release|Any CPU
		{DB886999-5A93-4BE8-9AEE-A1FDAB136F6C}.Debug|Any CPU.ActiveCfg = Debug|Any CPU
		{DB886999-5A93-4BE8-9AEE-A1FDAB136F6C}.Debug|Any CPU.Build.0 = Debug|Any CPU
		{DB886999-5A93-4BE8-9AEE-A1FDAB136F6C}.Docker|Any CPU.ActiveCfg = Debug|Any CPU
		{DB886999-5A93-4BE8-9AEE-A1FDAB136F6C}.Docker|Any CPU.Build.0 = Debug|Any CPU
		{DB886999-5A93-4BE8-9AEE-A1FDAB136F6C}.Release|Any CPU.ActiveCfg = Release|Any CPU
		{DB886999-5A93-4BE8-9AEE-A1FDAB136F6C}.Release|Any CPU.Build.0 = Release|Any CPU
	EndGlobalSection
	GlobalSection(SolutionProperties) = preSolution
		HideSolutionNode = FALSE
	EndGlobalSection
	GlobalSection(NestedProjects) = preSolution
		{23CDAEF7-947F-463C-9162-3C8692FC103D} = {18D73CFF-6ECA-4A0C-8A6A-97F84BC3E1C8}
		{820284DA-DC00-4B45-98FC-6DA63F106497} = {18D73CFF-6ECA-4A0C-8A6A-97F84BC3E1C8}
		{AB88488B-F61B-4BD4-8926-A48B564C1A75} = {18D73CFF-6ECA-4A0C-8A6A-97F84BC3E1C8}
		{E29DAA75-A907-455E-9538-C9FF9C846F34} = {18D73CFF-6ECA-4A0C-8A6A-97F84BC3E1C8}
		{9F37DBB8-2971-4155-BCBD-D82DB5C8D1DC} = {18D73CFF-6ECA-4A0C-8A6A-97F84BC3E1C8}
		{573BE9CC-36D6-40C9-A005-2DAB411861BA} = {18D73CFF-6ECA-4A0C-8A6A-97F84BC3E1C8}
		{06E2B4CF-A84A-4E9A-91F8-F2794F5B7B8A} = {18D73CFF-6ECA-4A0C-8A6A-97F84BC3E1C8}
		{FF93C14C-E406-4672-8EB4-8FF52417EDCB} = {18D73CFF-6ECA-4A0C-8A6A-97F84BC3E1C8}
		{6A1CAC9D-4E5A-4433-B0D4-FF283AD28A07} = {FF93C14C-E406-4672-8EB4-8FF52417EDCB}
		{9EA20719-70D3-488B-BE5D-87EA837D3F7A} = {6A1CAC9D-4E5A-4433-B0D4-FF283AD28A07}
		{55655675-F784-41AC-B7D2-6E9E93992312} = {FF93C14C-E406-4672-8EB4-8FF52417EDCB}
	EndGlobalSection
	GlobalSection(ExtensibilityGlobals) = postSolution
		SolutionGuid = {2836D304-9C78-41F8-9A22-517D86241D2C}
	EndGlobalSection
EndGlobal
